<?xml version="1.0" encoding="utf-8"?>
<Project ToolsVersion="4.0" xmlns="http://schemas.microsoft.com/developer/msbuild/2003">
  <ItemGroup>
    <Filter Include="Source Files">
      <UniqueIdentifier>{4FC737F1-C7A5-4376-A066-2A32D752A2FF}</UniqueIdentifier>
      <Extensions>cpp;c;cc;cxx;def;odl;idl;hpj;bat;asm;asmx</Extensions>
    </Filter>
    <Filter Include="Header Files">
      <UniqueIdentifier>{93995380-89BD-4b04-88EB-625FBE52EBFB}</UniqueIdentifier>
      <Extensions>h;hh;hpp;hxx;hm;inl;inc;xsd</Extensions>
    </Filter>
    <Filter Include="Resource Files">
      <UniqueIdentifier>{D9D6E242-F8AF-46E4-B9FD-80ECBC20BA3E}</UniqueIdentifier>
      <Extensions>qrc;*</Extensions>
      <ParseFiles>false</ParseFiles>
    </Filter>
    <Filter Include="Form Files">
      <UniqueIdentifier>{99349809-55BA-4b9d-BF79-8FDBB0286EB3}</UniqueIdentifier>
      <Extensions>ui</Extensions>
    </Filter>
    <Filter Include="Resource Files">
      <UniqueIdentifier>{D9D6E242-F8AF-46E4-B9FD-80ECBC20BA3E}</UniqueIdentifier>
      <Extensions>qrc;*</Extensions>
      <ParseFiles>false</ParseFiles>
    </Filter>
    <Filter Include="Generated Files">
      <UniqueIdentifier>{71ED8ED8-ACB9-4CE9-BBE1-E00B30144E11}</UniqueIdentifier>
      <Extensions>moc;h;cpp</Extensions>
      <SourceControlFiles>False</SourceControlFiles>
    </Filter>
    <Filter Include="Source Files\n64">
      <UniqueIdentifier>{d5d6ed83-3b74-47ef-bbd7-25152a950da2}</UniqueIdentifier>
    </Filter>
    <Filter Include="Source Files\bk">
      <UniqueIdentifier>{2c581c1e-2497-4c9b-bd8d-2e59fe992430}</UniqueIdentifier>
    </Filter>
    <Filter Include="Header Files\n64">
      <UniqueIdentifier>{17181513-a36f-45b5-9cbd-4421076aef26}</UniqueIdentifier>
    </Filter>
    <Filter Include="Header Files\bk">
      <UniqueIdentifier>{6b7bf6c5-bc83-4397-a2b9-01168526a63d}</UniqueIdentifier>
    </Filter>
  </ItemGroup>
  <ItemGroup>
    <ClCompile Include="main.cpp">
      <Filter>Source Files</Filter>
    </ClCompile>
    <ClCompile Include="MrPatcher2.cpp">
      <Filter>Source Files</Filter>
    </ClCompile>
    <ClCompile Include="n64_rom.cpp">
      <Filter>Source Files\n64</Filter>
    </ClCompile>
    <ClCompile Include="N64\md5.c">
      <Filter>Source Files\n64</Filter>
    </ClCompile>
    <ClCompile Include="bk_rom_manager.cpp">
      <Filter>Source Files\bk</Filter>
    </ClCompile>
    <ClCompile Include="patchObj.cpp">
      <Filter>Source Files</Filter>
    </ClCompile>
    <ClCompile Include="bk_file.cpp">
      <Filter>Source Files\bk</Filter>
    </ClCompile>
    <ClCompile Include="gs_parser.cpp">
      <Filter>Source Files\n64</Filter>
    </ClCompile>
    <ClCompile Include="crc_n64.c">
      <Filter>Source Files</Filter>
    </ClCompile>
    <ClCompile Include="QtBKTextEditor.cpp">
      <Filter>Source Files</Filter>
    </ClCompile>
  </ItemGroup>
  <ItemGroup>
    <QtMoc Include="MrPatcher2.h">
      <Filter>Header Files</Filter>
    </QtMoc>
    <QtMoc Include="patchObj.h">
      <Filter>Header Files</Filter>
    </QtMoc>
    <QtMoc Include="QtBKTextEditor.h">
      <Filter>Header Files</Filter>
    </QtMoc>
  </ItemGroup>
  <ItemGroup>
    <QtUic Include="MrPatcher2.ui">
      <Filter>Form Files</Filter>
    </QtUic>
    <QtUic Include="QtBKTextEditor.ui">
      <Filter>Form Files</Filter>
    </QtUic>
  </ItemGroup>
  <ItemGroup>
    <QtRcc Include="MrPatcher2.qrc">
      <Filter>Resource Files</Filter>
    </QtRcc>
  </ItemGroup>
  <ItemGroup>
    <ClInclude Include="bk_file.h">
      <Filter>Header Files\bk</Filter>
    </ClInclude>
    <ClInclude Include="bk_rom_manager.h">
      <Filter>Header Files\bk</Filter>
    </ClInclude>
    <ClInclude Include="N64\md5.h">
      <Filter>Header Files\n64</Filter>
    </ClInclude>
    <ClInclude Include="n64_rom.h">
      <Filter>Header Files\n64</Filter>
    </ClInclude>
    <ClInclude Include="n64Buffer.h">
      <Filter>Header Files\n64</Filter>
    </ClInclude>
    <ClInclude Include="bk_enums.h">
      <Filter>Header Files\bk</Filter>
    </ClInclude>
    <ClInclude Include="gs_parser.h">
      <Filter>Header Files\n64</Filter>
    </ClInclude>
    <ClInclude Include="crc_n64.h">
      <Filter>Header Files</Filter>
    </ClInclude>
  </ItemGroup>
  <ItemGroup>
    <Image Include="Resources\MrPatch.ico">
      <Filter>Resource Files</Filter>
    </Image>
  </ItemGroup>
</Project>